// !$*UTF8*$!
{
	archiveVersion = 1;
	classes = {
	};
	objectVersion = 77;
	objects = {

/* Begin PBXBuildFile section */
		8E62D2D23040E1EF00CCD866 /* FirebaseAuth in Frameworks */ = {isa = PBXBuildFile; productRef = A1B10000000000000000000011 /* FirebaseAuth */; };
		A1B10000000000000000000002 /* FirebaseCore in Frameworks */ = {isa = PBXBuildFile; productRef = A1B10000000000000000000012 /* FirebaseCore */; };
		A1B10000000000000000000003 /* FirebaseFirestore in Frameworks */ = {isa = PBXBuildFile; productRef = A1B10000000000000000000013 /* FirebaseFirestore */; };
		A1B10000000000000000000004 /* FirebaseStorage in Frameworks */ = {isa = PBXBuildFile; productRef = A1B10000000000000000000014 /* FirebaseStorage */; };
		A1B10000000000000000000005 /* FirebaseMessaging in Frameworks */ = {isa = PBXBuildFile; productRef = A1B10000000000000000000015 /* FirebaseMessaging */; };
/* End PBXBuildFile section */

/* Begin PBXContainerItemProxy section */
		8E52B787303F73E300079CF4 /* PBXContainerItemProxy */ = {
			isa = PBXContainerItemProxy;
			containerPortal = 8E52B770303F73E200079CF4 /* Project object */;
			proxyType = 1;
			remoteGlobalIDString = 8E52B777303F73E200079CF4;
			remoteInfo = blurb;
		};
		8E52B791303F73E300079CF4 /* PBXContainerItemProxy */ = {
			isa = PBXContainerItemProxy;
			containerPortal = 8E52B770303F73E200079CF4 /* Project object */;
			proxyType = 1;
			remoteGlobalIDString = 8E52B777303F73E200079CF4;
			remoteInfo = blurb;
		};
/* End PBXContainerItemProxy section */

/* Begin PBXFileReference section */
		8E52B778303F73E200079CF4 /* blurb.app */ = {isa = PBXFileReference; explicitFileType = wrapper.application; includeInIndex = 0; path = blurb.app; sourceTree = BUILT_PRODUCTS_DIR; };
		8E52B786303F73E300079CF4 /* blurbTests.xctest */ = {isa = PBXFileReference; explicitFileType = wrapper.cfbundle; includeInIndex = 0; path = blurbTests.xctest; sourceTree = BUILT_PRODUCTS_DIR; };
		8E52B790303F73E300079CF4 /* blurbUITests.xctest */ = {isa = PBXFileReference; explicitFileType = wrapper.cfbundle; includeInIndex = 0; path = blurbUITests.xctest; sourceTree = BUILT_PRODUCTS_DIR; };
/* End PBXFileReference section */

/* Begin PBXFileSystemSynchronizedRootGroup section */
		8E52B77A303F73E200079CF4 /* blurb */ = {
			isa = PBXFileSystemSynchronizedRootGroup;
			path = blurb;
			sourceTree = "<group>";
		};
		8E52B789303F73E300079CF4 /* blurbTests */ = {
			isa = PBXFileSystemSynchronizedRootGroup;
			path = blurbTests;
			sourceTree = "<group>";
		};
		8E52B793303F73E300079CF4 /* blurbUITests */ = {
			isa = PBXFileSystemSynchronizedRootGroup;
			path = blurbUITests;
			sourceTree = "<group>";
		};
/* End PBXFileSystemSynchronizedRootGroup section */

/* Begin PBXFrameworksBuildPhase section */
		8E52B775303F73E200079CF4 /* Frameworks */ = {
			isa = PBXFrameworksBuildPhase;
			buildActionMask = 2147483647;
			files = (
				8E62D2D23040E1EF00CCD866 /* FirebaseAuth in Frameworks */,
				A1B10000000000000000000002 /* FirebaseCore in Frameworks */,
				A1B10000000000000000000003 /* FirebaseFirestore in Frameworks */,
				A1B10000000000000000000004 /* FirebaseStorage in Frameworks */,
				A1B10000000000000000000005 /* FirebaseMessaging in Frameworks */,
			);
			runOnlyForDeploymentPostprocessing = 0;
		};
		8E52B783303F73E300079CF4 /* Frameworks */ = {
			isa = PBXFrameworksBuildPhase;
			buildActionMask = 2147483647;
			files = (
			);
			runOnlyForDeploymentPostprocessing = 0;
		};
		8E52B78D303F73E300079CF4 /* Frameworks */ = {
			isa = PBXFrameworksBuildPhase;
			buildActionMask = 2147483647;
			files = (
			);
			runOnlyForDeploymentPostprocessing = 0;
		};
/* End PBXFrameworksBuildPhase section */

/* Begin PBXGroup section */
		8E52B76F303F73E200079CF4 = {
			isa = PBXGroup;
			children = (
				8E52B77A303F73E200079CF4 /* blurb */,
				8E52B789303F73E300079CF4 /* blurbTests */,
				8E52B793303F73E300079CF4 /* blurbUITests */,
				8E52B779303F73E200079CF4 /* Products */,
			);
			sourceTree = "<group>";
		};
		8E52B779303F73E200079CF4 /* Products */ = {
			isa = PBXGroup;
			children = (
				8E52B778303F73E200079CF4 /* blurb.app */,
				8E52B786303F73E300079CF4 /* blurbTests.xctest */,
				8E52B790303F73E300079CF4 /* blurbUITests.xctest */,
			);
			name = Products;
			sourceTree = "<group>";
		};
/* End PBXGroup section */

/* Begin PBXNativeTarget section */
		8E52B777303F73E200079CF4 /* blurb */ = {
			isa = PBXNativeTarget;
			buildConfigurationList = 8E52B79A303F73E300079CF4 /* Build configuration list for PBXNativeTarget "blurb" */;
			buildPhases = (
				8E52B774303F73E200079CF4 /* Sources */,
				8E52B775303F73E200079CF4 /* Frameworks */,
				8E52B776303F73E200079CF4 /* Resources */,
			);
			buildRules = (
			);
			dependencies = (
			);
			fileSystemSynchronizedGroups = (
				8E52B77A303F73E200079CF4 /* blurb */,
			);
			name = blurb;
			packageProductDependencies = (
				A1B10000000000000000000011 /* FirebaseAuth */,
				A1B10000000000000000000012 /* FirebaseCore */,
				A1B10000000000000000000013 /* FirebaseFirestore */,
				A1B10000000000000000000014 /* FirebaseStorage */,
				A1B10000000000000000000015 /* FirebaseMessaging */,
			);
			productName = blurb;
			productReference = 8E52B778303F73E200079CF4 /* blurb.app */;
			productType = "com.apple.product-type.application";
		};
		8E52B785303F73E300079CF4 /* blurbTests */ = {
			isa = PBXNativeTarget;
			buildConfigurationList = 8E52B79D303F73E300079CF4 /* Build configuration list for PBXNativeTarget "blurbTests" */;
			buildPhases = (
				8E52B782303F73E300079CF4 /* Sources */,
				8E52B783303F73E300079CF4 /* Frameworks */,
				8E52B784303F73E300079CF4 /* Resources */,
			);
			buildRules = (
			);
			dependencies = (
				8E52B788303F73E300079CF4 /* PBXTargetDependency */,
			);
			fileSystemSynchronizedGroups = (
				8E52B789303F73E300079CF4 /* blurbTests */,
			);
			name = blurbTests;
			packageProductDependencies = (
			);
			productName = blurbTests;
			productReference = 8E52B786303F73E300079CF4 /* blurbTests.xctest */;
			productType = "com.apple.product-type.bundle.unit-test";
		};
		8E52B78F303F73E300079CF4 /* blurbUITests */ = {
			isa = PBXNativeTarget;
			buildConfigurationList = 8E52B7A0303F73E300079CF4 /* Build configuration list for PBXNativeTarget "blurbUITests" */;
			buildPhases = (
				8E52B78C303F73E300079CF4 /* Sources */,
				8E52B78D303F73E300079CF4 /* Frameworks */,
				8E52B78E303F73E300079CF4 /* Resources */,
			);
			buildRules = (
			);
			dependencies = (
				8E52B792303F73E300079CF4 /* PBXTargetDependency */,
			);
			fileSystemSynchronizedGroups = (
				8E52B793303F73E300079CF4 /* blurbUITests */,
			);
			name = blurbUITests;
			packageProductDependencies = (
			);
			productName = blurbUITests;
			productReference = 8E52B790303F73E300079CF4 /* blurbUITests.xctest */;
			productType = "com.apple.product-type.bundle.ui-testing";
		};
/* End PBXNativeTarget section */

/* Begin PBXProject section */
		8E52B770303F73E200079CF4 /* Project object */ = {
			isa = PBXProject;
			attributes = {
				BuildIndependentTargetsInParallel = 1;
				LastSwiftUpdateCheck = 1640;
				LastUpgradeCheck = 1640;
				TargetAttributes = {
					8E52B777303F73E200079CF4 = {
						CreatedOnToolsVersion = 16.4;
						SystemCapabilities = {
							com.apple.Push = {
								enabled = 1;
							};
						};
					};
					8E52B785303F73E300079CF4 = {
						CreatedOnToolsVersion = 16.4;
						TestTargetID = 8E52B777303F73E200079CF4;
					};
					8E52B78F303F73E300079CF4 = {
						CreatedOnToolsVersion = 16.4;
						TestTargetID = 8E52B777303F73E200079CF4;
					};
				};
			};
			buildConfigurationList = 8E52B773303F73E200079CF4 /* Build configuration list for PBXProject "blurb" */;
			developmentRegion = en;
			hasScannedForEncodings = 0;
			knownRegions = (
				en,
				Base,
			);
			mainGroup = 8E52B76F303F73E200079CF4;
			minimizedProjectReferenceProxies = 1;
			packageReferences = (
				A1B10000000000000000000021 /* XCRemoteSwiftPackageReference "firebase-ios-sdk" */,
			);
			preferredProjectObjectVersion = 77;
			productRefGroup = 8E52B779303F73E200079CF4 /* Products */;
			projectDirPath = "";
			projectRoot = "";
			targets = (
				8E52B777303F73E200079CF4 /* blurb */,
				8E52B785303F73E300079CF4 /* blurbTests */,
				8E52B78F303F73E300079CF4 /* blurbUITests */,
			);
		};
/* End PBXProject section */

/* Begin PBXResourcesBuildPhase section */
		8E52B776303F73E200079CF4 /* Resources */ = {
			isa = PBXResourcesBuildPhase;
			buildActionMask = 2147483647;
			files = (
			);
			runOnlyForDeploymentPostprocessing = 0;
		};
		8E52B784303F73E300079CF4 /* Resources */ = {
			isa = PBXResourcesBuildPhase;
			buildActionMask = 2147483647;
			files = (
			);
			runOnlyForDeploymentPostprocessing = 0;
		};
		8E52B78E303F73E300079CF4 /* Resources */ = {
			isa = PBXResourcesBuildPhase;
			buildActionMask = 2147483647;
			files = (
			);
			runOnlyForDeploymentPostprocessing = 0;
		};
/* End PBXResourcesBuildPhase section */

/* Begin PBXSourcesBuildPhase section */
		8E52B774303F73E200079CF4 /* Sources */ = {
			isa = PBXSourcesBuildPhase;
			buildActionMask = 2147483647;
			files = (
			);
			runOnlyForDeploymentPostprocessing = 0;
		};
		8E52B782303F73E300079CF4 /* Sources */ = {
			isa = PBXSourcesBuildPhase;
			buildActionMask = 2147483647;
			files = (
			);
			runOnlyForDeploymentPostprocessing = 0;
		};
		8E52B78C303F73E300079CF4 /* Sources */ = {
			isa = PBXSourcesBuildPhase;
			buildActionMask = 2147483647;
			files = (
			);
			runOnlyForDeploymentPostprocessing = 0;
		};
/* End PBXSourcesBuildPhase section */

/* Begin PBXTargetDependency section */
		8E52B788303F73E300079CF4 /* PBXTargetDependency */ = {
			isa = PBXTargetDependency;
			target = 8E52B777303F73E200079CF4 /* blurb */;
			targetProxy = 8E52B787303F73E300079CF4 /* PBXContainerItemProxy */;
		};
		8E52B792303F73E300079CF4 /* PBXTargetDependency */ = {
			isa = PBXTargetDependency;
			target = 8E52B777303F73E200079CF4 /* blurb */;
			targetProxy = 8E52B791303F73E300079CF4 /* PBXContainerItemProxy */;
		};
/* End PBXTargetDependency section */

/* Begin XCBuildConfiguration section */
		8E52B798303F73E300079CF4 /* Debug */ = {
			isa = XCBuildConfiguration;
			buildSettings = {
				ALWAYS_SEARCH_USER_PATHS = NO;
				ASSETCATALOG_COMPILER_GENERATE_SWIFT_ASSET_SYMBOL_EXTENSIONS = YES;
				CLANG_ANALYZER_NONNULL = YES;
				CLANG_ANALYZER_NUMBER_OBJECT_CONVERSION = YES_AGGRESSIVE;
				CLANG_CXX_LANGUAGE_STANDARD = "gnu++20";
				CLANG_ENABLE_MODULES = YES;
				CLANG_ENABLE_OBJC_ARC = YES;
				CLANG_ENABLE_OBJC_WEAK = YES;
				CLANG_WARN_BLOCK_CAPTURE_AUTORELEASING = YES;
				CLANG_WARN_BOOL_CONVERSION = YES;
				CLANG_WARN_COMMA = YES;
				CLANG_WARN_CONSTANT_CONVERSION = YES;
				CLANG_WARN_DEPRECATED_OBJC_IMPLEMENTATIONS = YES;
				CLANG_WARN_DIRECT_OBJC_ISA_USAGE = YES_ERROR;
				CLANG_WARN_DOCUMENTATION_COMMENTS = YES;
				CLANG_WARN_EMPTY_BODY = YES;
				CLANG_WARN_ENUM_CONVERSION = YES;
				CLANG_WARN_INFINITE_RECURSION = YES;
				CLANG_WARN_INT_CONVERSION = YES;
				CLANG_WARN_NON_LITERAL_NULL_CONVERSION = YES;
				CLANG_WARN_OBJC_IMPLICIT_RETAIN_SELF = YES;
				CLANG_WARN_OBJC_LITERAL_CONVERSION = YES;
				CLANG_WARN_OBJC_ROOT_CLASS = YES_ERROR;
				CLANG_WARN_QUOTED_INCLUDE_IN_FRAMEWORK_HEADER = YES;
				CLANG_WARN_RANGE_LOOP_ANALYSIS = YES;
				CLANG_WARN_STRICT_PROTOTYPES = YES;
				CLANG_WARN_SUSPICIOUS_MOVE = YES;
				CLANG_WARN_UNGUARDED_AVAILABILITY = YES_AGGRESSIVE;
				CLANG_WARN_UNREACHABLE_CODE = YES;
				CLANG_WARN__DUPLICATE_METHOD_MATCH = YES;
				COPY_PHASE_STRIP = NO;
				DEBUG_INFORMATION_FORMAT = dwarf;
				ENABLE_STRICT_OBJC_MSGSEND = YES;
				ENABLE_TESTABILITY = YES;
				ENABLE_USER_SCRIPT_SANDBOXING = YES;
				GCC_C_LANGUAGE_STANDARD = gnu17;
				GCC_DYNAMIC_NO_PIC = NO;
				GCC_NO_COMMON_BLOCKS = YES;
				GCC_OPTIMIZATION_LEVEL = 0;
				GCC_PREPROCESSOR_DEFINITIONS = (
					"DEBUG=1",
					"$(inherited)",
				);
				GCC_WARN_64_TO_32_BIT_CONVERSION = YES;
				GCC_WARN_ABOUT_RETURN_TYPE = YES_ERROR;
				GCC_WARN_UNDECLARED_SELECTOR = YES;
				GCC_WARN_UNINITIALIZED_AUTOS = YES_AGGRESSIVE;
				GCC_WARN_UNUSED_FUNCTION = YES;
				GCC_WARN_UNUSED_VARIABLE = YES;
				LOCALIZATION_PREFERS_STRING_CATALOGS = YES;
				MTL_ENABLE_DEBUG_INFO = INCLUDE_SOURCE;
				MTL_FAST_MATH = YES;
				ONLY_ACTIVE_ARCH = YES;
				SWIFT_ACTIVE_COMPILATION_CONDITIONS = "DEBUG $(inherited)";
				SWIFT_OPTIMIZATION_LEVEL = "-Onone";
			};
			name = Debug;
		};
		8E52B799303F73E300079CF4 /* Release */ = {
			isa = XCBuildConfiguration;
			buildSettings = {
				ALWAYS_SEARCH_USER_PATHS = NO;
				ASSETCATALOG_COMPILER_GENERATE_SWIFT_ASSET_SYMBOL_EXTENSIONS = YES;
				CLANG_ANALYZER_NONNULL = YES;
				CLANG_ANALYZER_NUMBER_OBJECT_CONVERSION = YES_AGGRESSIVE;
				CLANG_CXX_LANGUAGE_STANDARD = "gnu++20";
				CLANG_ENABLE_MODULES = YES;
				CLANG_ENABLE_OBJC_ARC = YES;
				CLANG_ENABLE_OBJC_WEAK = YES;
				CLANG_WARN_BLOCK_CAPTURE_AUTORELEASING = YES;
				CLANG_WARN_BOOL_CONVERSION = YES;
				CLANG_WARN_COMMA = YES;
				CLANG_WARN_CONSTANT_CONVERSION = YES;
				CLANG_WARN_DEPRECATED_OBJC_IMPLEMENTATIONS = YES;
				CLANG_WARN_DIRECT_OBJC_ISA_USAGE = YES_ERROR;
				CLANG_WARN_DOCUMENTATION_COMMENTS = YES;
				CLANG_WARN_EMPTY_BODY = YES;
				CLANG_WARN_ENUM_CONVERSION = YES;
				CLANG_WARN_INFINITE_RECURSION = YES;
				CLANG_WARN_INT_CONVERSION = YES;
				CLANG_WARN_NON_LITERAL_NULL_CONVERSION = YES;
				CLANG_WARN_OBJC_IMPLICIT_RETAIN_SELF = YES;
				CLANG_WARN_OBJC_LITERAL_CONVERSION = YES;
				CLANG_WARN_OBJC_ROOT_CLASS = YES_ERROR;
				CLANG_WARN_QUOTED_INCLUDE_IN_FRAMEWORK_HEADER = YES;
				CLANG_WARN_RANGE_LOOP_ANALYSIS = YES;
				CLANG_WARN_STRICT_PROTOTYPES = YES;
				CLANG_WARN_SUSPICIOUS_MOVE = YES;
				CLANG_WARN_UNGUARDED_AVAILABILITY = YES_AGGRESSIVE;
				CLANG_WARN_UNREACHABLE_CODE = YES;
				CLANG_WARN__DUPLICATE_METHOD_MATCH = YES;
				COPY_PHASE_STRIP = NO;
				DEBUG_INFORMATION_FORMAT = "dwarf-with-dsym";
				ENABLE_NS_ASSERTIONS = NO;
				ENABLE_STRICT_OBJC_MSGSEND = YES;
				ENABLE_USER_SCRIPT_SANDBOXING = YES;
				GCC_C_LANGUAGE_STANDARD = gnu17;
				GCC_NO_COMMON_BLOCKS = YES;
				GCC_WARN_64_TO_32_BIT_CONVERSION = YES;
				GCC_WARN_ABOUT_RETURN_TYPE = YES_ERROR;
				GCC_WARN_UNDECLARED_SELECTOR = YES;
				GCC_WARN_UNINITIALIZED_AUTOS = YES_AGGRESSIVE;
				GCC_WARN_UNUSED_FUNCTION = YES;
				GCC_WARN_UNUSED_VARIABLE = YES;
				LOCALIZATION_PREFERS_STRING_CATALOGS = YES;
				MTL_ENABLE_DEBUG_INFO = NO;
				MTL_FAST_MATH = YES;
				SWIFT_COMPILATION_MODE = wholemodule;
			};
			name = Release;
		};
		8E52B79B303F73E300079CF4 /* Debug */ = {
			isa = XCBuildConfiguration;
			buildSettings = {
				ASSETCATALOG_COMPILER_APPICON_NAME = AppIcon;
				ASSETCATALOG_COMPILER_GLOBAL_ACCENT_COLOR_NAME = AccentColor;
				CODE_SIGN_ENTITLEMENTS = blurb/blurb.entitlements;
				CODE_SIGN_STYLE = Automatic;
				CURRENT_PROJECT_VERSION = 1;
				DEVELOPMENT_TEAM = D2ZG9GF56B;
				ENABLE_PREVIEWS = YES;
				GENERATE_INFOPLIST_FILE = YES;
				INFOPLIST_KEY_CFBundleDisplayName = "Daily Blurb";
				"INFOPLIST_KEY_UIApplicationSceneManifest_Generation[sdk=iphoneos*]" = YES;
				"INFOPLIST_KEY_UIApplicationSceneManifest_Generation[sdk=iphonesimulator*]" = YES;
				"INFOPLIST_KEY_UIApplicationSupportsIndirectInputEvents[sdk=iphoneos*]" = YES;
				"INFOPLIST_KEY_UIApplicationSupportsIndirectInputEvents[sdk=iphonesimulator*]" = YES;
				"INFOPLIST_KEY_UILaunchScreen_Generation[sdk=iphoneos*]" = YES;
				"INFOPLIST_KEY_UILaunchScreen_Generation[sdk=iphonesimulator*]" = YES;
				"INFOPLIST_KEY_UIStatusBarStyle[sdk=iphoneos*]" = UIStatusBarStyleDefault;
				"INFOPLIST_KEY_UIStatusBarStyle[sdk=iphonesimulator*]" = UIStatusBarStyleDefault;
				INFOPLIST_KEY_UISupportedInterfaceOrientations_iPad = "UIInterfaceOrientationPortrait UIInterfaceOrientationPortraitUpsideDown UIInterfaceOrientationLandscapeLeft UIInterfaceOrientationLandscapeRight";
				INFOPLIST_KEY_UISupportedInterfaceOrientations_iPhone = "UIInterfaceOrientationPortrait UIInterfaceOrientationLandscapeLeft UIInterfaceOrientationLandscapeRight";
				IPHONEOS_DEPLOYMENT_TARGET = 18.5;
				LD_RUNPATH_SEARCH_PATHS = "@executable_path/Frameworks";
				MARKETING_VERSION = 1.0;
				OTHER_LDFLAGS = (
					"$(inherited)",
					"-ObjC",
				);
				PRODUCT_BUNDLE_IDENTIFIER = sasinkg.blurb;
				PRODUCT_NAME = "$(TARGET_NAME)";
				REGISTER_APP_GROUPS = YES;
				SDKROOT = iphoneos;
				SUPPORTED_PLATFORMS = "iphoneos iphonesimulator";
				SWIFT_EMIT_LOC_STRINGS = YES;
				SWIFT_VERSION = 5.0;
				TARGETED_DEVICE_FAMILY = 1;
			};
			name = Debug;
		};
		8E52B79C303F73E300079CF4 /* Release */ = {
			isa = XCBuildConfiguration;
			buildSettings = {
				ASSETCATALOG_COMPILER_APPICON_NAME = AppIcon;
				ASSETCATALOG_COMPILER_GLOBAL_ACCENT_COLOR_NAME = AccentColor;
				CODE_SIGN_ENTITLEMENTS = blurb/blurb.entitlements;
				CODE_SIGN_STYLE = Automatic;
				CURRENT_PROJECT_VERSION = 1;
				DEVELOPMENT_TEAM = D2ZG9GF56B;
				ENABLE_PREVIEWS = YES;
				GENERATE_INFOPLIST_FILE = YES;
				INFOPLIST_KEY_CFBundleDisplayName = "Daily Blurb";
				"INFOPLIST_KEY_UIApplicationSceneManifest_Generation[sdk=iphoneos*]" = YES;
				"INFOPLIST_KEY_UIApplicationSceneManifest_Generation[sdk=iphonesimulator*]" = YES;
				"INFOPLIST_KEY_UIApplicationSupportsIndirectInputEvents[sdk=iphoneos*]" = YES;
				"INFOPLIST_KEY_UIApplicationSupportsIndirectInputEvents[sdk=iphonesimulator*]" = YES;
				"INFOPLIST_KEY_UILaunchScreen_Generation[sdk=iphoneos*]" = YES;
				"INFOPLIST_KEY_UILaunchScreen_Generation[sdk=iphonesimulator*]" = YES;
				"INFOPLIST_KEY_UIStatusBarStyle[sdk=iphoneos*]" = UIStatusBarStyleDefault;
				"INFOPLIST_KEY_UIStatusBarStyle[sdk=iphonesimulator*]" = UIStatusBarStyleDefault;
				INFOPLIST_KEY_UISupportedInterfaceOrientations_iPad = "UIInterfaceOrientationPortrait UIInterfaceOrientationPortraitUpsideDown UIInterfaceOrientationLandscapeLeft UIInterfaceOrientationLandscapeRight";
				INFOPLIST_KEY_UISupportedInterfaceOrientations_iPhone = "UIInterfaceOrientationPortrait UIInterfaceOrientationLandscapeLeft UIInterfaceOrientationLandscapeRight";
				IPHONEOS_DEPLOYMENT_TARGET = 18.5;
				LD_RUNPATH_SEARCH_PATHS = "@executable_path/Frameworks";
				MARKETING_VERSION = 1.0;
				OTHER_LDFLAGS = (
					"$(inherited)",
					"-ObjC",
				);
				PRODUCT_BUNDLE_IDENTIFIER = sasinkg.blurb;
				PRODUCT_NAME = "$(TARGET_NAME)";
				REGISTER_APP_GROUPS = YES;
				SDKROOT = iphoneos;
				SUPPORTED_PLATFORMS = "iphoneos iphonesimulator";
				SWIFT_EMIT_LOC_STRINGS = YES;
				SWIFT_VERSION = 5.0;
				TARGETED_DEVICE_FAMILY = 1;
			};
			name = Release;
		};
		8E52B79E303F73E300079CF4 /* Debug */ = {
			isa = XCBuildConfiguration;
			buildSettings = {
				BUNDLE_LOADER = "$(TEST_HOST)";
				CODE_SIGN_STYLE = Automatic;
				CURRENT_PROJECT_VERSION = 1;
				GENERATE_INFOPLIST_FILE = YES;
				IPHONEOS_DEPLOYMENT_TARGET = 18.5;
				MACOSX_DEPLOYMENT_TARGET = 15.3;
				MARKETING_VERSION = 1.0;
				PRODUCT_BUNDLE_IDENTIFIER = sasinkg.blurbTests;
				PRODUCT_NAME = "$(TARGET_NAME)";
				SDKROOT = auto;
				SUPPORTED_PLATFORMS = "iphoneos iphonesimulator macosx xros xrsimulator";
				SWIFT_EMIT_LOC_STRINGS = NO;
				SWIFT_VERSION = 5.0;
				TARGETED_DEVICE_FAMILY = "1,2,7";
				TEST_HOST = "$(BUILT_PRODUCTS_DIR)/blurb.app/$(BUNDLE_EXECUTABLE_FOLDER_PATH)/blurb";
				XROS_DEPLOYMENT_TARGET = 2.5;
			};
			name = Debug;
		};
		8E52B79F303F73E300079CF4 /* Release */ = {
			isa = XCBuildConfiguration;
			buildSettings = {
				BUNDLE_LOADER = "$(TEST_HOST)";
				CODE_SIGN_STYLE = Automatic;
				CURRENT_PROJECT_VERSION = 1;
				GENERATE_INFOPLIST_FILE = YES;
				IPHONEOS_DEPLOYMENT_TARGET = 18.5;
				MACOSX_DEPLOYMENT_TARGET = 15.3;
				MARKETING_VERSION = 1.0;
				PRODUCT_BUNDLE_IDENTIFIER = sasinkg.blurbTests;
				PRODUCT_NAME = "$(TARGET_NAME)";
				SDKROOT = auto;
				SUPPORTED_PLATFORMS = "iphoneos iphonesimulator macosx xros xrsimulator";
				SWIFT_EMIT_LOC_STRINGS = NO;
				SWIFT_VERSION = 5.0;
				TARGETED_DEVICE_FAMILY = "1,2,7";
				TEST_HOST = "$(BUILT_PRODUCTS_DIR)/blurb.app/$(BUNDLE_EXECUTABLE_FOLDER_PATH)/blurb";
				XROS_DEPLOYMENT_TARGET = 2.5;
			};
			name = Release;
		};
		8E52B7A1303F73E300079CF4 /* Debug */ = {
			isa = XCBuildConfiguration;
			buildSettings = {
				CODE_SIGN_STYLE = Automatic;
				CURRENT_PROJECT_VERSION = 1;
				GENERATE_INFOPLIST_FILE = YES;
				IPHONEOS_DEPLOYMENT_TARGET = 18.5;
				MACOSX_DEPLOYMENT_TARGET = 15.3;
				MARKETING_VERSION = 1.0;
				PRODUCT_BUNDLE_IDENTIFIER = sasinkg.blurbUITests;
				PRODUCT_NAME = "$(TARGET_NAME)";
				SDKROOT = auto;
				SUPPORTED_PLATFORMS = "iphoneos iphonesimulator macosx xros xrsimulator";
				SWIFT_EMIT_LOC_STRINGS = NO;
				SWIFT_VERSION = 5.0;
				TARGETED_DEVICE_FAMILY = "1,2,7";
				TEST_TARGET_NAME = blurb;
				XROS_DEPLOYMENT_TARGET = 2.5;
			};
			name = Debug;
		};
		8E52B7A2303F73E300079CF4 /* Release */ = {
			isa = XCBuildConfiguration;
			buildSettings = {
				CODE_SIGN_STYLE = Automatic;
				CURRENT_PROJECT_VERSION = 1;
				GENERATE_INFOPLIST_FILE = YES;
				IPHONEOS_DEPLOYMENT_TARGET = 18.5;
				MACOSX_DEPLOYMENT_TARGET = 15.3;
				MARKETING_VERSION = 1.0;
				PRODUCT_BUNDLE_IDENTIFIER = sasinkg.blurbUITests;
				PRODUCT_NAME = "$(TARGET_NAME)";
				SDKROOT = auto;
				SUPPORTED_PLATFORMS = "iphoneos iphonesimulator macosx xros xrsimulator";
				SWIFT_EMIT_LOC_STRINGS = NO;
				SWIFT_VERSION = 5.0;
				TARGETED_DEVICE_FAMILY = "1,2,7";
				TEST_TARGET_NAME = blurb;
				XROS_DEPLOYMENT_TARGET = 2.5;
			};
			name = Release;
		};
/* End XCBuildConfiguration section */

/* Begin XCConfigurationList section */
		8E52B773303F73E200079CF4 /* Build configuration list for PBXProject "blurb" */ = {
			isa = XCConfigurationList;
			buildConfigurations = (
				8E52B798303F73E300079CF4 /* Debug */,
				8E52B799303F73E300079CF4 /* Release */,
			);
			defaultConfigurationIsVisible = 0;
			defaultConfigurationName = Release;
		};
		8E52B79A303F73E300079CF4 /* Build configuration list for PBXNativeTarget "blurb" */ = {
			isa = XCConfigurationList;
			buildConfigurations = (
				8E52B79B303F73E300079CF4 /* Debug */,
				8E52B79C303F73E300079CF4 /* Release */,
			);
			defaultConfigurationIsVisible = 0;
			defaultConfigurationName = Release;
		};
		8E52B79D303F73E300079CF4 /* Build configuration list for PBXNativeTarget "blurbTests" */ = {
			isa = XCConfigurationList;
			buildConfigurations = (
				8E52B79E303F73E300079CF4 /* Debug */,
				8E52B79F303F73E300079CF4 /* Release */,
			);
			defaultConfigurationIsVisible = 0;
			defaultConfigurationName = Release;
		};
		8E52B7A0303F73E300079CF4 /* Build configuration list for PBXNativeTarget "blurbUITests" */ = {
			isa = XCConfigurationList;
			buildConfigurations = (
				8E52B7A1303F73E300079CF4 /* Debug */,
				8E52B7A2303F73E300079CF4 /* Release */,
			);
			defaultConfigurationIsVisible = 0;
			defaultConfigurationName = Release;
		};
/* End XCConfigurationList section */

/* Begin XCRemoteSwiftPackageReference section */
		A1B10000000000000000000021 /* XCRemoteSwiftPackageReference "firebase-ios-sdk" */ = {
			isa = XCRemoteSwiftPackageReference;
			repositoryURL = "https://github.com/firebase/firebase-ios-sdk.git";
			requirement = {
				kind = upToNextMajorVersion;
				minimumVersion = 12.0.0;
			};
		};
/* End XCRemoteSwiftPackageReference section */

/* Begin XCSwiftPackageProductDependency section */
		A1B10000000000000000000011 /* FirebaseAuth */ = {
			isa = XCSwiftPackageProductDependency;
			package = A1B10000000000000000000021 /* XCRemoteSwiftPackageReference "firebase-ios-sdk" */;
			productName = FirebaseAuth;
		};
		A1B10000000000000000000012 /* FirebaseCore */ = {
			isa = XCSwiftPackageProductDependency;
			package = A1B10000000000000000000021 /* XCRemoteSwiftPackageReference "firebase-ios-sdk" */;
			productName = FirebaseCore;
		};
		A1B10000000000000000000013 /* FirebaseFirestore */ = {
			isa = XCSwiftPackageProductDependency;
			package = A1B10000000000000000000021 /* XCRemoteSwiftPackageReference "firebase-ios-sdk" */;
			productName = FirebaseFirestore;
		};
		A1B10000000000000000000014 /* FirebaseStorage */ = {
			isa = XCSwiftPackageProductDependency;
			package = A1B10000000000000000000021 /* XCRemoteSwiftPackageReference "firebase-ios-sdk" */;
			productName = FirebaseStorage;
		};
		A1B10000000000000000000015 /* FirebaseMessaging */ = {
			isa = XCSwiftPackageProductDependency;
			package = A1B10000000000000000000021 /* XCRemoteSwiftPackageReference "firebase-ios-sdk" */;
			productName = FirebaseMessaging;
		};
/* End XCSwiftPackageProductDependency section */
	};
	rootObject = 8E52B770303F73E200079CF4 /* Project object */;
}
